
Microsoft Visual Studio Solution File, Format Version 12.00
# Visual Studio Version 17
VisualStudioVersion = 17.0.31612.314
MinimumVisualStudioVersion = 10.0.40219.1
Project("{9092AA53-FB77-4645-B42D-1CCCA6BD08BD}") = "QuickSwap", "QuickSwap\QuickSwap.njsproj", "{37C1DD96-7A6B-424E-9B7A-D5C65E6478F9}"
EndProject
Global
	GlobalSection(SolutionConfigurationPlatforms) = preSolution
		Debug|Any CPU = Debug|Any CPU
		Release|Any CPU = Release|Any CPU
	EndGlobalSection
	GlobalSection(ProjectConfigurationPlatforms) = postSolution
		{37C1DD96-7A6B-424E-9B7A-D5C65E6478F9}.Debug|Any CPU.ActiveCfg = Debug|Any CPU
		{37C1DD96-7A6B-424E-9B7A-D5C65E6478F9}.Debug|Any CPU.Build.0 = Debug|Any CPU
		{37C1DD96-7A6B-424E-9B7A-D5C65E6478F9}.Release|Any CPU.ActiveCfg = Release|Any CPU
		{37C1DD96-7A6B-424E-9B7A-D5C65E6478F9}.Release|Any CPU.Build.0 = Release|Any CPU
	EndGlobalSection
	GlobalSection(SolutionProperties) = preSolution
		HideSolutionNode = FALSE
	EndGlobalSection
	GlobalSection(ExtensibilityGlobals) = postSolution
		SolutionGuid = {1D480903-2046-421B-AB00-DFDF69869BEB}
	EndGlobalSection
EndGlobal
