
Microsoft Visual Studio Solution File, Format Version 12.00
# Visual Studio Version 17
VisualStudioVersion = 17.0.31612.314
MinimumVisualStudioVersion = 10.0.40219.1
Project("{9092AA53-FB77-4645-B42D-1CCCA6BD08BD}") = "QuickSwap", "QuickSwap\QuickSwap.njsproj", "{37C1DD96-7A6B-424E-9B7A-D5C65E6478F9}"
EndProject
Project("{9092AA53-FB77-4645-B42D-1CCCA6BD08BD}") = "SushiSwap", "SushiSwap\SushiSwap.njsproj", "{54F920BC-A447-4D36-AA8E-FAFB6B100882}"
EndProject
Project("{2150E333-8FDC-42A3-9474-1A3956D46DE8}") = "SDKs", "SDKs", "{508FED0D-A30F-45CD-AD96-C8DAF33BEEC5}"
EndProject
Project("{9092AA53-FB77-4645-B42D-1CCCA6BD08BD}") = "SwapFU.App", "SwapFU.App\SwapFU.App.njsproj", "{ED3E1B4E-A7B5-4924-B394-E3F4B8271E1C}"
EndProject
Global
	GlobalSection(SolutionConfigurationPlatforms) = preSolution
		Debug|Any CPU = Debug|Any CPU
		Release|Any CPU = Release|Any CPU
	EndGlobalSection
	GlobalSection(ProjectConfigurationPlatforms) = postSolution
		{37C1DD96-7A6B-424E-9B7A-D5C65E6478F9}.Debug|Any CPU.ActiveCfg = Debug|Any CPU
		{37C1DD96-7A6B-424E-9B7A-D5C65E6478F9}.Debug|Any CPU.Build.0 = Debug|Any CPU
		{37C1DD96-7A6B-424E-9B7A-D5C65E6478F9}.Release|Any CPU.ActiveCfg = Release|Any CPU
		{37C1DD96-7A6B-424E-9B7A-D5C65E6478F9}.Release|Any CPU.Build.0 = Release|Any CPU
		{54F920BC-A447-4D36-AA8E-FAFB6B100882}.Debug|Any CPU.ActiveCfg = Debug|Any CPU
		{54F920BC-A447-4D36-AA8E-FAFB6B100882}.Debug|Any CPU.Build.0 = Debug|Any CPU
		{54F920BC-A447-4D36-AA8E-FAFB6B100882}.Release|Any CPU.ActiveCfg = Release|Any CPU
		{54F920BC-A447-4D36-AA8E-FAFB6B100882}.Release|Any CPU.Build.0 = Release|Any CPU
		{ED3E1B4E-A7B5-4924-B394-E3F4B8271E1C}.Debug|Any CPU.ActiveCfg = Debug|Any CPU
		{ED3E1B4E-A7B5-4924-B394-E3F4B8271E1C}.Debug|Any CPU.Build.0 = Debug|Any CPU
		{ED3E1B4E-A7B5-4924-B394-E3F4B8271E1C}.Release|Any CPU.ActiveCfg = Release|Any CPU
		{ED3E1B4E-A7B5-4924-B394-E3F4B8271E1C}.Release|Any CPU.Build.0 = Release|Any CPU
	EndGlobalSection
	GlobalSection(SolutionProperties) = preSolution
		HideSolutionNode = FALSE
	EndGlobalSection
	GlobalSection(NestedProjects) = preSolution
		{37C1DD96-7A6B-424E-9B7A-D5C65E6478F9} = {508FED0D-A30F-45CD-AD96-C8DAF33BEEC5}
		{54F920BC-A447-4D36-AA8E-FAFB6B100882} = {508FED0D-A30F-45CD-AD96-C8DAF33BEEC5}
	EndGlobalSection
	GlobalSection(ExtensibilityGlobals) = postSolution
		SolutionGuid = {1D480903-2046-421B-AB00-DFDF69869BEB}
	EndGlobalSection
EndGlobal
